<?xml version="1.0" encoding="UTF-8" standalone="yes" ?>
<CodeBlocks_project_file>
	<FileVersion major="1" minor="6" />
	<Project>
		<Option title="proerd_game" />
		<Option pch_mode="2" />
		<Option compiler="gcc" />
		<Build>
			<Target title="Debug">
				<Option output="bin/Debug/proerd_game" prefix_auto="1" extension_auto="1" />
				<Option object_output="obj/Debug/" />
				<Option type="1" />
				<Option compiler="gcc" />
				<Compiler>
					<Add option="-g" />
				</Compiler>
			</Target>
			<Target title="Release">
				<Option output="bin/Release/proerd_game" prefix_auto="1" extension_auto="1" />
				<Option object_output="obj/Release/" />
				<Option type="1" />
				<Option compiler="gcc" />
				<Compiler>
					<Add option="-O2" />
				</Compiler>
				<Linker>
					<Add option="-s" />
				</Linker>
			</Target>
		</Build>
		<Compiler>
			<Add option="-Wall" />
			<Add option="-fexceptions" />
		</Compiler>
		<Unit filename="Comic Book.ttf" />
		<Unit filename="Marijuana.png" />
		<Unit filename="PlayerDown.bmp" />
		<Unit filename="apple.png" />
		<Unit filename="banana.png" />
		<Unit filename="beer.png" />
		<Unit filename="cocaina-png.png" />
		<Unit filename="drugs&amp;peace.h" />
		<Unit filename="fundo1_proerd.png" />
		<Unit filename="fundo2_proerd.png" />
		<Unit filename="globals.h" />
		<Unit filename="leao_proerd.png" />
		<Unit filename="objects.h" />
		<Unit filename="pineapple.png" />
		<Unit filename="player.h" />
		<Unit filename="proerd_game.cpp" />
		<Unit filename="proerd_logo.png" />
		<Unit filename="proerd_song.ogg" />
		<Unit filename="reinit.h" />
		<Unit filename="run2.bmp" />
		<Unit filename="tile.png" />
		<Extensions>
			<code_completion />
			<debugger />
		</Extensions>
	</Project>
</CodeBlocks_project_file>
